// !$*UTF8*$!
{
	archiveVersion = 1;
	classes = {
	};
	objectVersion = 46;
	objects = {

/* Begin PBXBuildFile section */
		997CC48E2B5BB790E12A8348 /* Pods.framework in Frameworks */ = {isa = PBXBuildFile; fileRef = B68E23E47DD882E1709F5F64 /* Pods.framework */; };
		BD06F72F1B0B356200BF2733 /* DataManager.m in Sources */ = {isa = PBXBuildFile; fileRef = BD06F72E1B0B356200BF2733 /* DataManager.m */; };
		BD06F7331B0B3C4600BF2733 /* Setting.plist in Resources */ = {isa = PBXBuildFile; fileRef = BD06F7321B0B3C4600BF2733 /* Setting.plist */; };
		BD06F7361B0B5B2B00BF2733 /* AboutViewController.m in Sources */ = {isa = PBXBuildFile; fileRef = BD06F7351B0B5B2B00BF2733 /* AboutViewController.m */; };
		BD0E2F251B0EDAD10063BB15 /* Task.m in Sources */ = {isa = PBXBuildFile; fileRef = BD0E2F241B0EDAD10063BB15 /* Task.m */; };
		BD1926B41B04595F001A5C02 /* ProgressView.m in Sources */ = {isa = PBXBuildFile; fileRef = BD1926B31B04595F001A5C02 /* ProgressView.m */; };
		BD1926B71B048594001A5C02 /* ProgressLabel.m in Sources */ = {isa = PBXBuildFile; fileRef = BD1926B61B048593001A5C02 /* ProgressLabel.m */; };
		BD42837A1AE7B0C400953F61 /* main.m in Sources */ = {isa = PBXBuildFile; fileRef = BD4283791AE7B0C400953F61 /* main.m */; };
		BD42837D1AE7B0C400953F61 /* AppDelegate.m in Sources */ = {isa = PBXBuildFile; fileRef = BD42837C1AE7B0C400953F61 /* AppDelegate.m */; };
		BD4283801AE7B0C400953F61 /* TC.xcdatamodeld in Sources */ = {isa = PBXBuildFile; fileRef = BD42837E1AE7B0C400953F61 /* TC.xcdatamodeld */; };
		BD4283831AE7B0C400953F61 /* ViewController.m in Sources */ = {isa = PBXBuildFile; fileRef = BD4283821AE7B0C400953F61 /* ViewController.m */; };
		BD4283861AE7B0C400953F61 /* Main.storyboard in Resources */ = {isa = PBXBuildFile; fileRef = BD4283841AE7B0C400953F61 /* Main.storyboard */; };
		BD4283881AE7B0C400953F61 /* Images.xcassets in Resources */ = {isa = PBXBuildFile; fileRef = BD4283871AE7B0C400953F61 /* Images.xcassets */; };
		BD42838B1AE7B0C400953F61 /* LaunchScreen.xib in Resources */ = {isa = PBXBuildFile; fileRef = BD4283891AE7B0C400953F61 /* LaunchScreen.xib */; };
		BD4283971AE7B0C400953F61 /* TCTests.m in Sources */ = {isa = PBXBuildFile; fileRef = BD4283961AE7B0C400953F61 /* TCTests.m */; };
		BD8BCD4E1B01D1E700BBCBFD /* AddViewController.m in Sources */ = {isa = PBXBuildFile; fileRef = BD8BCD4D1B01D1E700BBCBFD /* AddViewController.m */; };
		BD8BCD511B01F2B500BBCBFD /* SettingViewController.m in Sources */ = {isa = PBXBuildFile; fileRef = BD8BCD501B01F2B500BBCBFD /* SettingViewController.m */; };
		BD8BCD541B01F78000BBCBFD /* Catalog.m in Sources */ = {isa = PBXBuildFile; fileRef = BD8BCD531B01F78000BBCBFD /* Catalog.m */; };
		BD8BCD581B01FCFC00BBCBFD /* SettingInfo.m in Sources */ = {isa = PBXBuildFile; fileRef = BD8BCD571B01FCFC00BBCBFD /* SettingInfo.m */; };
		BD8BCD5B1B02001E00BBCBFD /* SettingTableViewCell.m in Sources */ = {isa = PBXBuildFile; fileRef = BD8BCD5A1B02001E00BBCBFD /* SettingTableViewCell.m */; };
		BD8BCD5E1B020BB400BBCBFD /* TimePickerViewController.m in Sources */ = {isa = PBXBuildFile; fileRef = BD8BCD5D1B020BB400BBCBFD /* TimePickerViewController.m */; };
		BD8BCD601B020D3E00BBCBFD /* SettingData.plist in Resources */ = {isa = PBXBuildFile; fileRef = BD8BCD5F1B020D3E00BBCBFD /* SettingData.plist */; };
		BD8CFE951AFF99C000EDB3B8 /* ProViewController.m in Sources */ = {isa = PBXBuildFile; fileRef = BD8CFE941AFF99C000EDB3B8 /* ProViewController.m */; };
		BDD3FE471B007700004BD1D4 /* CatalogTableViewCell.m in Sources */ = {isa = PBXBuildFile; fileRef = BDD3FE461B007700004BD1D4 /* CatalogTableViewCell.m */; };
		BDD3FE4B1B007E4F004BD1D4 /* CatalogItem.m in Sources */ = {isa = PBXBuildFile; fileRef = BDD3FE4A1B007E4F004BD1D4 /* CatalogItem.m */; };
		BDDCABAD1BE73252003903ED /* Pods.debug.xcconfig in Resources */ = {isa = PBXBuildFile; fileRef = BDDCABAC1BE73252003903ED /* Pods.debug.xcconfig */; };
		BDFE06FC1B08416500541A48 /* ProgressInfo.m in Sources */ = {isa = PBXBuildFile; fileRef = BDFE06FB1B08416500541A48 /* ProgressInfo.m */; };
		BDFF87A01B1576D4004E4037 /* TaskViewController.m in Sources */ = {isa = PBXBuildFile; fileRef = BDFF879F1B1576D4004E4037 /* TaskViewController.m */; };
		BDFF87A31B157CB4004E4037 /* SubTaskTableViewCell.m in Sources */ = {isa = PBXBuildFile; fileRef = BDFF87A21B157CB4004E4037 /* SubTaskTableViewCell.m */; };
/* End PBXBuildFile section */

/* Begin PBXContainerItemProxy section */
		BD4283911AE7B0C400953F61 /* PBXContainerItemProxy */ = {
			isa = PBXContainerItemProxy;
			containerPortal = BD42836C1AE7B0C400953F61 /* Project object */;
			proxyType = 1;
			remoteGlobalIDString = BD4283731AE7B0C400953F61;
			remoteInfo = TC;
		};
/* End PBXContainerItemProxy section */

/* Begin PBXFileReference section */
		35ABD174616B0B3035E87F3A /* Pods.release.xcconfig */ = {isa = PBXFileReference; includeInIndex = 1; lastKnownFileType = text.xcconfig; name = Pods.release.xcconfig; path = "Pods/Target Support Files/Pods/Pods.release.xcconfig"; sourceTree = "<group>"; };
		B68E23E47DD882E1709F5F64 /* Pods.framework */ = {isa = PBXFileReference; explicitFileType = wrapper.framework; includeInIndex = 0; path = Pods.framework; sourceTree = BUILT_PRODUCTS_DIR; };
		BD06F72D1B0B356200BF2733 /* DataManager.h */ = {isa = PBXFileReference; fileEncoding = 4; lastKnownFileType = sourcecode.c.h; path = DataManager.h; sourceTree = "<group>"; };
		BD06F72E1B0B356200BF2733 /* DataManager.m */ = {isa = PBXFileReference; fileEncoding = 4; lastKnownFileType = sourcecode.c.objc; path = DataManager.m; sourceTree = "<group>"; };
		BD06F7321B0B3C4600BF2733 /* Setting.plist */ = {isa = PBXFileReference; fileEncoding = 4; lastKnownFileType = text.plist.xml; path = Setting.plist; sourceTree = "<group>"; };
		BD06F7341B0B5B2B00BF2733 /* AboutViewController.h */ = {isa = PBXFileReference; fileEncoding = 4; lastKnownFileType = sourcecode.c.h; path = AboutViewController.h; sourceTree = "<group>"; };
		BD06F7351B0B5B2B00BF2733 /* AboutViewController.m */ = {isa = PBXFileReference; fileEncoding = 4; lastKnownFileType = sourcecode.c.objc; path = AboutViewController.m; sourceTree = "<group>"; };
		BD0E2F231B0EDAD10063BB15 /* Task.h */ = {isa = PBXFileReference; fileEncoding = 4; lastKnownFileType = sourcecode.c.h; path = Task.h; sourceTree = "<group>"; };
		BD0E2F241B0EDAD10063BB15 /* Task.m */ = {isa = PBXFileReference; fileEncoding = 4; lastKnownFileType = sourcecode.c.objc; path = Task.m; sourceTree = "<group>"; };
		BD1926B21B04595F001A5C02 /* ProgressView.h */ = {isa = PBXFileReference; fileEncoding = 4; lastKnownFileType = sourcecode.c.h; path = ProgressView.h; sourceTree = "<group>"; };
		BD1926B31B04595F001A5C02 /* ProgressView.m */ = {isa = PBXFileReference; fileEncoding = 4; lastKnownFileType = sourcecode.c.objc; path = ProgressView.m; sourceTree = "<group>"; };
		BD1926B51B048593001A5C02 /* ProgressLabel.h */ = {isa = PBXFileReference; fileEncoding = 4; lastKnownFileType = sourcecode.c.h; path = ProgressLabel.h; sourceTree = "<group>"; };
		BD1926B61B048593001A5C02 /* ProgressLabel.m */ = {isa = PBXFileReference; fileEncoding = 4; lastKnownFileType = sourcecode.c.objc; path = ProgressLabel.m; sourceTree = "<group>"; };
		BD4283741AE7B0C400953F61 /* TC.app */ = {isa = PBXFileReference; explicitFileType = wrapper.application; includeInIndex = 0; path = TC.app; sourceTree = BUILT_PRODUCTS_DIR; };
		BD4283781AE7B0C400953F61 /* Info.plist */ = {isa = PBXFileReference; lastKnownFileType = text.plist.xml; path = Info.plist; sourceTree = "<group>"; };
		BD4283791AE7B0C400953F61 /* main.m */ = {isa = PBXFileReference; lastKnownFileType = sourcecode.c.objc; path = main.m; sourceTree = "<group>"; };
		BD42837B1AE7B0C400953F61 /* AppDelegate.h */ = {isa = PBXFileReference; lastKnownFileType = sourcecode.c.h; path = AppDelegate.h; sourceTree = "<group>"; };
		BD42837C1AE7B0C400953F61 /* AppDelegate.m */ = {isa = PBXFileReference; lastKnownFileType = sourcecode.c.objc; path = AppDelegate.m; sourceTree = "<group>"; };
		BD42837F1AE7B0C400953F61 /* TC.xcdatamodel */ = {isa = PBXFileReference; lastKnownFileType = wrapper.xcdatamodel; path = TC.xcdatamodel; sourceTree = "<group>"; };
		BD4283811AE7B0C400953F61 /* ViewController.h */ = {isa = PBXFileReference; lastKnownFileType = sourcecode.c.h; path = ViewController.h; sourceTree = "<group>"; };
		BD4283821AE7B0C400953F61 /* ViewController.m */ = {isa = PBXFileReference; lastKnownFileType = sourcecode.c.objc; path = ViewController.m; sourceTree = "<group>"; };
		BD4283851AE7B0C400953F61 /* Base */ = {isa = PBXFileReference; lastKnownFileType = file.storyboard; name = Base; path = Base.lproj/Main.storyboard; sourceTree = "<group>"; };
		BD4283871AE7B0C400953F61 /* Images.xcassets */ = {isa = PBXFileReference; lastKnownFileType = folder.assetcatalog; path = Images.xcassets; sourceTree = "<group>"; };
		BD42838A1AE7B0C400953F61 /* Base */ = {isa = PBXFileReference; lastKnownFileType = file.xib; name = Base; path = Base.lproj/LaunchScreen.xib; sourceTree = "<group>"; };
		BD4283901AE7B0C400953F61 /* TCTests.xctest */ = {isa = PBXFileReference; explicitFileType = wrapper.cfbundle; includeInIndex = 0; path = TCTests.xctest; sourceTree = BUILT_PRODUCTS_DIR; };
		BD4283951AE7B0C400953F61 /* Info.plist */ = {isa = PBXFileReference; lastKnownFileType = text.plist.xml; path = Info.plist; sourceTree = "<group>"; };
		BD4283961AE7B0C400953F61 /* TCTests.m */ = {isa = PBXFileReference; lastKnownFileType = sourcecode.c.objc; path = TCTests.m; sourceTree = "<group>"; };
		BD8BCD4A1B01C7AE00BBCBFD /* Spring.framework */ = {isa = PBXFileReference; lastKnownFileType = wrapper.framework; name = Spring.framework; path = "Pods/../build/Debug-iphoneos/Pods-TC/Spring.framework"; sourceTree = "<group>"; };
		BD8BCD4C1B01D1E700BBCBFD /* AddViewController.h */ = {isa = PBXFileReference; fileEncoding = 4; lastKnownFileType = sourcecode.c.h; path = AddViewController.h; sourceTree = "<group>"; };
		BD8BCD4D1B01D1E700BBCBFD /* AddViewController.m */ = {isa = PBXFileReference; fileEncoding = 4; lastKnownFileType = sourcecode.c.objc; path = AddViewController.m; sourceTree = "<group>"; };
		BD8BCD4F1B01F2B500BBCBFD /* SettingViewController.h */ = {isa = PBXFileReference; fileEncoding = 4; lastKnownFileType = sourcecode.c.h; path = SettingViewController.h; sourceTree = "<group>"; };
		BD8BCD501B01F2B500BBCBFD /* SettingViewController.m */ = {isa = PBXFileReference; fileEncoding = 4; lastKnownFileType = sourcecode.c.objc; path = SettingViewController.m; sourceTree = "<group>"; };
		BD8BCD521B01F78000BBCBFD /* Catalog.h */ = {isa = PBXFileReference; fileEncoding = 4; lastKnownFileType = sourcecode.c.h; path = Catalog.h; sourceTree = "<group>"; };
		BD8BCD531B01F78000BBCBFD /* Catalog.m */ = {isa = PBXFileReference; fileEncoding = 4; lastKnownFileType = sourcecode.c.objc; path = Catalog.m; sourceTree = "<group>"; };
		BD8BCD561B01FCFC00BBCBFD /* SettingInfo.h */ = {isa = PBXFileReference; fileEncoding = 4; lastKnownFileType = sourcecode.c.h; path = SettingInfo.h; sourceTree = "<group>"; };
		BD8BCD571B01FCFC00BBCBFD /* SettingInfo.m */ = {isa = PBXFileReference; fileEncoding = 4; lastKnownFileType = sourcecode.c.objc; path = SettingInfo.m; sourceTree = "<group>"; };
		BD8BCD591B02001E00BBCBFD /* SettingTableViewCell.h */ = {isa = PBXFileReference; fileEncoding = 4; lastKnownFileType = sourcecode.c.h; path = SettingTableViewCell.h; sourceTree = "<group>"; };
		BD8BCD5A1B02001E00BBCBFD /* SettingTableViewCell.m */ = {isa = PBXFileReference; fileEncoding = 4; lastKnownFileType = sourcecode.c.objc; path = SettingTableViewCell.m; sourceTree = "<group>"; };
		BD8BCD5C1B020BB400BBCBFD /* TimePickerViewController.h */ = {isa = PBXFileReference; fileEncoding = 4; lastKnownFileType = sourcecode.c.h; path = TimePickerViewController.h; sourceTree = "<group>"; };
		BD8BCD5D1B020BB400BBCBFD /* TimePickerViewController.m */ = {isa = PBXFileReference; fileEncoding = 4; lastKnownFileType = sourcecode.c.objc; path = TimePickerViewController.m; sourceTree = "<group>"; };
		BD8BCD5F1B020D3E00BBCBFD /* SettingData.plist */ = {isa = PBXFileReference; fileEncoding = 4; lastKnownFileType = text.plist.xml; path = SettingData.plist; sourceTree = "<group>"; };
		BD8CFE931AFF99C000EDB3B8 /* ProViewController.h */ = {isa = PBXFileReference; fileEncoding = 4; lastKnownFileType = sourcecode.c.h; path = ProViewController.h; sourceTree = "<group>"; };
		BD8CFE941AFF99C000EDB3B8 /* ProViewController.m */ = {isa = PBXFileReference; fileEncoding = 4; lastKnownFileType = sourcecode.c.objc; path = ProViewController.m; sourceTree = "<group>"; };
		BDD3FE451B007700004BD1D4 /* CatalogTableViewCell.h */ = {isa = PBXFileReference; fileEncoding = 4; lastKnownFileType = sourcecode.c.h; path = CatalogTableViewCell.h; sourceTree = "<group>"; };
		BDD3FE461B007700004BD1D4 /* CatalogTableViewCell.m */ = {isa = PBXFileReference; fileEncoding = 4; lastKnownFileType = sourcecode.c.objc; path = CatalogTableViewCell.m; sourceTree = "<group>"; };
		BDD3FE491B007E4F004BD1D4 /* CatalogItem.h */ = {isa = PBXFileReference; fileEncoding = 4; lastKnownFileType = sourcecode.c.h; path = CatalogItem.h; sourceTree = "<group>"; };
		BDD3FE4A1B007E4F004BD1D4 /* CatalogItem.m */ = {isa = PBXFileReference; fileEncoding = 4; lastKnownFileType = sourcecode.c.objc; path = CatalogItem.m; sourceTree = "<group>"; };
		BDDCABAC1BE73252003903ED /* Pods.debug.xcconfig */ = {isa = PBXFileReference; fileEncoding = 4; lastKnownFileType = text.xcconfig; name = Pods.debug.xcconfig; path = "Pods/Target Support Files/Pods/Pods.debug.xcconfig"; sourceTree = "<group>"; };
		BDFE06FA1B08416500541A48 /* ProgressInfo.h */ = {isa = PBXFileReference; fileEncoding = 4; lastKnownFileType = sourcecode.c.h; path = ProgressInfo.h; sourceTree = "<group>"; };
		BDFE06FB1B08416500541A48 /* ProgressInfo.m */ = {isa = PBXFileReference; fileEncoding = 4; lastKnownFileType = sourcecode.c.objc; path = ProgressInfo.m; sourceTree = "<group>"; };
		BDFF879E1B1576D4004E4037 /* TaskViewController.h */ = {isa = PBXFileReference; fileEncoding = 4; lastKnownFileType = sourcecode.c.h; path = TaskViewController.h; sourceTree = "<group>"; };
		BDFF879F1B1576D4004E4037 /* TaskViewController.m */ = {isa = PBXFileReference; fileEncoding = 4; lastKnownFileType = sourcecode.c.objc; path = TaskViewController.m; sourceTree = "<group>"; };
		BDFF87A11B157CB4004E4037 /* SubTaskTableViewCell.h */ = {isa = PBXFileReference; fileEncoding = 4; lastKnownFileType = sourcecode.c.h; path = SubTaskTableViewCell.h; sourceTree = "<group>"; };
		BDFF87A21B157CB4004E4037 /* SubTaskTableViewCell.m */ = {isa = PBXFileReference; fileEncoding = 4; lastKnownFileType = sourcecode.c.objc; path = SubTaskTableViewCell.m; sourceTree = "<group>"; };
/* End PBXFileReference section */

/* Begin PBXFrameworksBuildPhase section */
		BD4283711AE7B0C400953F61 /* Frameworks */ = {
			isa = PBXFrameworksBuildPhase;
			buildActionMask = 2147483647;
			files = (
				997CC48E2B5BB790E12A8348 /* Pods.framework in Frameworks */,
			);
			runOnlyForDeploymentPostprocessing = 0;
		};
		BD42838D1AE7B0C400953F61 /* Frameworks */ = {
			isa = PBXFrameworksBuildPhase;
			buildActionMask = 2147483647;
			files = (
			);
			runOnlyForDeploymentPostprocessing = 0;
		};
/* End PBXFrameworksBuildPhase section */

/* Begin PBXGroup section */
		A2E1C4CACA6D9F5517DFCBD6 /* Pods */ = {
			isa = PBXGroup;
			children = (
				35ABD174616B0B3035E87F3A /* Pods.release.xcconfig */,
				BDDCABAC1BE73252003903ED /* Pods.debug.xcconfig */,
			);
			name = Pods;
			sourceTree = "<group>";
		};
		BD42836B1AE7B0C400953F61 = {
			isa = PBXGroup;
			children = (
				BD4283761AE7B0C400953F61 /* TC */,
				BD4283931AE7B0C400953F61 /* TCTests */,
				BD4283751AE7B0C400953F61 /* Products */,
				A2E1C4CACA6D9F5517DFCBD6 /* Pods */,
				D047FEBA9572F227444A7C0B /* Frameworks */,
			);
			sourceTree = "<group>";
		};
		BD4283751AE7B0C400953F61 /* Products */ = {
			isa = PBXGroup;
			children = (
				BD4283741AE7B0C400953F61 /* TC.app */,
				BD4283901AE7B0C400953F61 /* TCTests.xctest */,
			);
			name = Products;
			sourceTree = "<group>";
		};
		BD4283761AE7B0C400953F61 /* TC */ = {
			isa = PBXGroup;
			children = (
				BD8BCD551B01FC7F00BBCBFD /* modal */,
				BD06F72D1B0B356200BF2733 /* DataManager.h */,
				BD06F72E1B0B356200BF2733 /* DataManager.m */,
				BD42837B1AE7B0C400953F61 /* AppDelegate.h */,
				BD42837C1AE7B0C400953F61 /* AppDelegate.m */,
				BD1926B21B04595F001A5C02 /* ProgressView.h */,
				BD1926B31B04595F001A5C02 /* ProgressView.m */,
				BD1926B51B048593001A5C02 /* ProgressLabel.h */,
				BD1926B61B048593001A5C02 /* ProgressLabel.m */,
				BD4283811AE7B0C400953F61 /* ViewController.h */,
				BD4283821AE7B0C400953F61 /* ViewController.m */,
				BD8CFE931AFF99C000EDB3B8 /* ProViewController.h */,
				BD8CFE941AFF99C000EDB3B8 /* ProViewController.m */,
				BD8BCD4C1B01D1E700BBCBFD /* AddViewController.h */,
				BD8BCD4D1B01D1E700BBCBFD /* AddViewController.m */,
				BDFF879E1B1576D4004E4037 /* TaskViewController.h */,
				BDFF879F1B1576D4004E4037 /* TaskViewController.m */,
				BDFF87A11B157CB4004E4037 /* SubTaskTableViewCell.h */,
				BDFF87A21B157CB4004E4037 /* SubTaskTableViewCell.m */,
				BDD3FE451B007700004BD1D4 /* CatalogTableViewCell.h */,
				BDD3FE461B007700004BD1D4 /* CatalogTableViewCell.m */,
				BD8BCD591B02001E00BBCBFD /* SettingTableViewCell.h */,
				BD8BCD5A1B02001E00BBCBFD /* SettingTableViewCell.m */,
				BD8BCD4F1B01F2B500BBCBFD /* SettingViewController.h */,
				BD8BCD501B01F2B500BBCBFD /* SettingViewController.m */,
				BD8BCD5C1B020BB400BBCBFD /* TimePickerViewController.h */,
				BD8BCD5D1B020BB400BBCBFD /* TimePickerViewController.m */,
				BD06F7341B0B5B2B00BF2733 /* AboutViewController.h */,
				BD06F7351B0B5B2B00BF2733 /* AboutViewController.m */,
				BD4283841AE7B0C400953F61 /* Main.storyboard */,
				BD4283871AE7B0C400953F61 /* Images.xcassets */,
				BD4283891AE7B0C400953F61 /* LaunchScreen.xib */,
				BD42837E1AE7B0C400953F61 /* TC.xcdatamodeld */,
				BD4283771AE7B0C400953F61 /* Supporting Files */,
			);
			path = TC;
			sourceTree = "<group>";
		};
		BD4283771AE7B0C400953F61 /* Supporting Files */ = {
			isa = PBXGroup;
			children = (
				BD4283781AE7B0C400953F61 /* Info.plist */,
				BD4283791AE7B0C400953F61 /* main.m */,
				BD8BCD5F1B020D3E00BBCBFD /* SettingData.plist */,
				BD06F7321B0B3C4600BF2733 /* Setting.plist */,
			);
			name = "Supporting Files";
			sourceTree = "<group>";
		};
		BD4283931AE7B0C400953F61 /* TCTests */ = {
			isa = PBXGroup;
			children = (
				BD4283961AE7B0C400953F61 /* TCTests.m */,
				BD4283941AE7B0C400953F61 /* Supporting Files */,
			);
			path = TCTests;
			sourceTree = "<group>";
		};
		BD4283941AE7B0C400953F61 /* Supporting Files */ = {
			isa = PBXGroup;
			children = (
				BD4283951AE7B0C400953F61 /* Info.plist */,
			);
			name = "Supporting Files";
			sourceTree = "<group>";
		};
		BD8BCD551B01FC7F00BBCBFD /* modal */ = {
			isa = PBXGroup;
			children = (
				BD0E2F231B0EDAD10063BB15 /* Task.h */,
				BD0E2F241B0EDAD10063BB15 /* Task.m */,
				BDD3FE491B007E4F004BD1D4 /* CatalogItem.h */,
				BDD3FE4A1B007E4F004BD1D4 /* CatalogItem.m */,
				BD8BCD521B01F78000BBCBFD /* Catalog.h */,
				BD8BCD531B01F78000BBCBFD /* Catalog.m */,
				BD8BCD561B01FCFC00BBCBFD /* SettingInfo.h */,
				BD8BCD571B01FCFC00BBCBFD /* SettingInfo.m */,
				BDFE06FA1B08416500541A48 /* ProgressInfo.h */,
				BDFE06FB1B08416500541A48 /* ProgressInfo.m */,
			);
			name = modal;
			sourceTree = "<group>";
		};
		D047FEBA9572F227444A7C0B /* Frameworks */ = {
			isa = PBXGroup;
			children = (
				BD8BCD4A1B01C7AE00BBCBFD /* Spring.framework */,
				B68E23E47DD882E1709F5F64 /* Pods.framework */,
			);
			name = Frameworks;
			sourceTree = "<group>";
		};
/* End PBXGroup section */

/* Begin PBXNativeTarget section */
		BD4283731AE7B0C400953F61 /* TC */ = {
			isa = PBXNativeTarget;
			buildConfigurationList = BD42839A1AE7B0C400953F61 /* Build configuration list for PBXNativeTarget "TC" */;
			buildPhases = (
				6B6268C8759E14D2CDF0DD21 /* Check Pods Manifest.lock */,
				BD4283701AE7B0C400953F61 /* Sources */,
				BD4283711AE7B0C400953F61 /* Frameworks */,
				BD4283721AE7B0C400953F61 /* Resources */,
				3B0E9E73205AE1149E404409 /* Embed Pods Frameworks */,
				FF47C6C904F60472F95A84ED /* Copy Pods Resources */,
			);
			buildRules = (
			);
			dependencies = (
			);
			name = TC;
			productName = TC;
			productReference = BD4283741AE7B0C400953F61 /* TC.app */;
			productType = "com.apple.product-type.application";
		};
		BD42838F1AE7B0C400953F61 /* TCTests */ = {
			isa = PBXNativeTarget;
			buildConfigurationList = BD42839D1AE7B0C400953F61 /* Build configuration list for PBXNativeTarget "TCTests" */;
			buildPhases = (
				BD42838C1AE7B0C400953F61 /* Sources */,
				BD42838D1AE7B0C400953F61 /* Frameworks */,
				BD42838E1AE7B0C400953F61 /* Resources */,
			);
			buildRules = (
			);
			dependencies = (
				BD4283921AE7B0C400953F61 /* PBXTargetDependency */,
			);
			name = TCTests;
			productName = TCTests;
			productReference = BD4283901AE7B0C400953F61 /* TCTests.xctest */;
			productType = "com.apple.product-type.bundle.unit-test";
		};
/* End PBXNativeTarget section */

/* Begin PBXProject section */
		BD42836C1AE7B0C400953F61 /* Project object */ = {
			isa = PBXProject;
			attributes = {
				LastUpgradeCheck = 0710;
				ORGANIZATIONNAME = 3lang;
				TargetAttributes = {
					BD4283731AE7B0C400953F61 = {
						CreatedOnToolsVersion = 6.3.1;
						DevelopmentTeam = L8JSZE99NB;
					};
					BD42838F1AE7B0C400953F61 = {
						CreatedOnToolsVersion = 6.3.1;
						TestTargetID = BD4283731AE7B0C400953F61;
					};
				};
			};
			buildConfigurationList = BD42836F1AE7B0C400953F61 /* Build configuration list for PBXProject "TC" */;
			compatibilityVersion = "Xcode 3.2";
			developmentRegion = English;
			hasScannedForEncodings = 0;
			knownRegions = (
				en,
				Base,
			);
			mainGroup = BD42836B1AE7B0C400953F61;
			productRefGroup = BD4283751AE7B0C400953F61 /* Products */;
			projectDirPath = "";
			projectRoot = "";
			targets = (
				BD4283731AE7B0C400953F61 /* TC */,
				BD42838F1AE7B0C400953F61 /* TCTests */,
			);
		};
/* End PBXProject section */

/* Begin PBXResourcesBuildPhase section */
		BD4283721AE7B0C400953F61 /* Resources */ = {
			isa = PBXResourcesBuildPhase;
			buildActionMask = 2147483647;
			files = (
				BD06F7331B0B3C4600BF2733 /* Setting.plist in Resources */,
				BD4283861AE7B0C400953F61 /* Main.storyboard in Resources */,
				BD42838B1AE7B0C400953F61 /* LaunchScreen.xib in Resources */,
				BDDCABAD1BE73252003903ED /* Pods.debug.xcconfig in Resources */,
				BD4283881AE7B0C400953F61 /* Images.xcassets in Resources */,
				BD8BCD601B020D3E00BBCBFD /* SettingData.plist in Resources */,
			);
			runOnlyForDeploymentPostprocessing = 0;
		};
		BD42838E1AE7B0C400953F61 /* Resources */ = {
			isa = PBXResourcesBuildPhase;
			buildActionMask = 2147483647;
			files = (
			);
			runOnlyForDeploymentPostprocessing = 0;
		};
/* End PBXResourcesBuildPhase section */

/* Begin PBXShellScriptBuildPhase section */
		3B0E9E73205AE1149E404409 /* Embed Pods Frameworks */ = {
			isa = PBXShellScriptBuildPhase;
			buildActionMask = 2147483647;
			files = (
			);
			inputPaths = (
			);
			name = "Embed Pods Frameworks";
			outputPaths = (
			);
			runOnlyForDeploymentPostprocessing = 0;
			shellPath = /bin/sh;
			shellScript = "\"${SRCROOT}/Pods/Target Support Files/Pods/Pods-frameworks.sh\"\n";
			showEnvVarsInLog = 0;
		};
		6B6268C8759E14D2CDF0DD21 /* Check Pods Manifest.lock */ = {
			isa = PBXShellScriptBuildPhase;
			buildActionMask = 2147483647;
			files = (
			);
			inputPaths = (
			);
			name = "Check Pods Manifest.lock";
			outputPaths = (
			);
			runOnlyForDeploymentPostprocessing = 0;
			shellPath = /bin/sh;
			shellScript = "diff \"${PODS_ROOT}/../Podfile.lock\" \"${PODS_ROOT}/Manifest.lock\" > /dev/null\nif [[ $? != 0 ]] ; then\n    cat << EOM\nerror: The sandbox is not in sync with the Podfile.lock. Run 'pod install' or update your CocoaPods installation.\nEOM\n    exit 1\nfi\n";
			showEnvVarsInLog = 0;
		};
		FF47C6C904F60472F95A84ED /* Copy Pods Resources */ = {
			isa = PBXShellScriptBuildPhase;
			buildActionMask = 2147483647;
			files = (
			);
			inputPaths = (
			);
			name = "Copy Pods Resources";
			outputPaths = (
			);
			runOnlyForDeploymentPostprocessing = 0;
			shellPath = /bin/sh;
			shellScript = "\"${SRCROOT}/Pods/Target Support Files/Pods/Pods-resources.sh\"\n";
			showEnvVarsInLog = 0;
		};
/* End PBXShellScriptBuildPhase section */

/* Begin PBXSourcesBuildPhase section */
		BD4283701AE7B0C400953F61 /* Sources */ = {
			isa = PBXSourcesBuildPhase;
			buildActionMask = 2147483647;
			files = (
				BD06F7361B0B5B2B00BF2733 /* AboutViewController.m in Sources */,
				BD0E2F251B0EDAD10063BB15 /* Task.m in Sources */,
				BD8CFE951AFF99C000EDB3B8 /* ProViewController.m in Sources */,
				BD42837D1AE7B0C400953F61 /* AppDelegate.m in Sources */,
				BD8BCD5B1B02001E00BBCBFD /* SettingTableViewCell.m in Sources */,
				BD1926B71B048594001A5C02 /* ProgressLabel.m in Sources */,
				BD06F72F1B0B356200BF2733 /* DataManager.m in Sources */,
				BD42837A1AE7B0C400953F61 /* main.m in Sources */,
				BD8BCD581B01FCFC00BBCBFD /* SettingInfo.m in Sources */,
				BD1926B41B04595F001A5C02 /* ProgressView.m in Sources */,
				BD8BCD541B01F78000BBCBFD /* Catalog.m in Sources */,
				BDD3FE4B1B007E4F004BD1D4 /* CatalogItem.m in Sources */,
				BDD3FE471B007700004BD1D4 /* CatalogTableViewCell.m in Sources */,
				BDFE06FC1B08416500541A48 /* ProgressInfo.m in Sources */,
				BD8BCD511B01F2B500BBCBFD /* SettingViewController.m in Sources */,
				BD4283831AE7B0C400953F61 /* ViewController.m in Sources */,
				BDFF87A31B157CB4004E4037 /* SubTaskTableViewCell.m in Sources */,
				BD8BCD4E1B01D1E700BBCBFD /* AddViewController.m in Sources */,
				BDFF87A01B1576D4004E4037 /* TaskViewController.m in Sources */,
				BD8BCD5E1B020BB400BBCBFD /* TimePickerViewController.m in Sources */,
				BD4283801AE7B0C400953F61 /* TC.xcdatamodeld in Sources */,
			);
			runOnlyForDeploymentPostprocessing = 0;
		};
		BD42838C1AE7B0C400953F61 /* Sources */ = {
			isa = PBXSourcesBuildPhase;
			buildActionMask = 2147483647;
			files = (
				BD4283971AE7B0C400953F61 /* TCTests.m in Sources */,
			);
			runOnlyForDeploymentPostprocessing = 0;
		};
/* End PBXSourcesBuildPhase section */

/* Begin PBXTargetDependency section */
		BD4283921AE7B0C400953F61 /* PBXTargetDependency */ = {
			isa = PBXTargetDependency;
			target = BD4283731AE7B0C400953F61 /* TC */;
			targetProxy = BD4283911AE7B0C400953F61 /* PBXContainerItemProxy */;
		};
/* End PBXTargetDependency section */

/* Begin PBXVariantGroup section */
		BD4283841AE7B0C400953F61 /* Main.storyboard */ = {
			isa = PBXVariantGroup;
			children = (
				BD4283851AE7B0C400953F61 /* Base */,
			);
			name = Main.storyboard;
			sourceTree = "<group>";
		};
		BD4283891AE7B0C400953F61 /* LaunchScreen.xib */ = {
			isa = PBXVariantGroup;
			children = (
				BD42838A1AE7B0C400953F61 /* Base */,
			);
			name = LaunchScreen.xib;
			sourceTree = "<group>";
		};
/* End PBXVariantGroup section */

/* Begin XCBuildConfiguration section */
		BD4283991AE7B0C400953F61 /* Release */ = {
			isa = XCBuildConfiguration;
			buildSettings = {
				ALWAYS_SEARCH_USER_PATHS = NO;
				CLANG_CXX_LANGUAGE_STANDARD = "gnu++0x";
				CLANG_CXX_LIBRARY = "libc++";
				CLANG_ENABLE_MODULES = YES;
				CLANG_ENABLE_OBJC_ARC = YES;
				CLANG_WARN_BOOL_CONVERSION = YES;
				CLANG_WARN_CONSTANT_CONVERSION = YES;
				CLANG_WARN_DIRECT_OBJC_ISA_USAGE = YES_ERROR;
				CLANG_WARN_EMPTY_BODY = YES;
				CLANG_WARN_ENUM_CONVERSION = YES;
				CLANG_WARN_INT_CONVERSION = YES;
				CLANG_WARN_OBJC_ROOT_CLASS = YES_ERROR;
				CLANG_WARN_UNREACHABLE_CODE = YES;
				CLANG_WARN__DUPLICATE_METHOD_MATCH = YES;
				"CODE_SIGN_IDENTITY[sdk=iphoneos*]" = "iPhone Developer";
				COPY_PHASE_STRIP = NO;
				DEBUG_INFORMATION_FORMAT = "dwarf-with-dsym";
				ENABLE_NS_ASSERTIONS = NO;
				ENABLE_STRICT_OBJC_MSGSEND = YES;
				GCC_C_LANGUAGE_STANDARD = gnu99;
				GCC_NO_COMMON_BLOCKS = YES;
				GCC_WARN_64_TO_32_BIT_CONVERSION = YES;
				GCC_WARN_ABOUT_RETURN_TYPE = YES_ERROR;
				GCC_WARN_UNDECLARED_SELECTOR = YES;
				GCC_WARN_UNINITIALIZED_AUTOS = YES_AGGRESSIVE;
				GCC_WARN_UNUSED_FUNCTION = YES;
				GCC_WARN_UNUSED_VARIABLE = YES;
				IPHONEOS_DEPLOYMENT_TARGET = 8.3;
				MTL_ENABLE_DEBUG_INFO = NO;
				SDKROOT = iphoneos;
				VALIDATE_PRODUCT = YES;
			};
			name = Release;
		};
		BD42839C1AE7B0C400953F61 /* Release */ = {
			isa = XCBuildConfiguration;
			baseConfigurationReference = 35ABD174616B0B3035E87F3A /* Pods.release.xcconfig */;
			buildSettings = {
				ASSETCATALOG_COMPILER_APPICON_NAME = AppIcon;
				CODE_SIGN_IDENTITY = "iPhone Developer";
				"CODE_SIGN_IDENTITY[sdk=iphoneos*]" = "iPhone Developer";
				FRAMEWORK_SEARCH_PATHS = (
					"$(inherited)",
					"$(PROJECT_DIR)/build/Debug-iphoneos/Pods-TC",
				);
				INFOPLIST_FILE = TC/Info.plist;
				LD_RUNPATH_SEARCH_PATHS = "$(inherited) @executable_path/Frameworks";
				ONLY_ACTIVE_ARCH = YES;
				PRODUCT_BUNDLE_IDENTIFIER = "in.riverflows.$(PRODUCT_NAME:rfc1034identifier)";
				PRODUCT_NAME = "$(TARGET_NAME)";
				PROVISIONING_PROFILE = "";
				TARGETED_DEVICE_FAMILY = 1;
			};
			name = Release;
		};
		BD42839F1AE7B0C400953F61 /* Release */ = {
			isa = XCBuildConfiguration;
			buildSettings = {
				BUNDLE_LOADER = "$(TEST_HOST)";
				FRAMEWORK_SEARCH_PATHS = (
					"$(SDKROOT)/Developer/Library/Frameworks",
					"$(inherited)",
				);
				INFOPLIST_FILE = TCTests/Info.plist;
				LD_RUNPATH_SEARCH_PATHS = "$(inherited) @executable_path/Frameworks @loader_path/Frameworks";
				PRODUCT_BUNDLE_IDENTIFIER = "in.riverflows.$(PRODUCT_NAME:rfc1034identifier)";
				PRODUCT_NAME = "$(TARGET_NAME)";
				TEST_HOST = "$(BUILT_PRODUCTS_DIR)/TC.app/TC";
			};
			name = Release;
		};
		BDDCABAE1BE7326C003903ED /* Debug */ = {
			isa = XCBuildConfiguration;
			buildSettings = {
				ALWAYS_SEARCH_USER_PATHS = NO;
				CLANG_CXX_LANGUAGE_STANDARD = "gnu++0x";
				CLANG_CXX_LIBRARY = "libc++";
				CLANG_ENABLE_MODULES = YES;
				CLANG_ENABLE_OBJC_ARC = YES;
				CLANG_WARN_BOOL_CONVERSION = YES;
				CLANG_WARN_CONSTANT_CONVERSION = YES;
				CLANG_WARN_DIRECT_OBJC_ISA_USAGE = YES_ERROR;
				CLANG_WARN_EMPTY_BODY = YES;
				CLANG_WARN_ENUM_CONVERSION = YES;
				CLANG_WARN_INT_CONVERSION = YES;
				CLANG_WARN_OBJC_ROOT_CLASS = YES_ERROR;
				CLANG_WARN_UNREACHABLE_CODE = YES;
				CLANG_WARN__DUPLICATE_METHOD_MATCH = YES;
				"CODE_SIGN_IDENTITY[sdk=iphoneos*]" = "iPhone Developer";
				COPY_PHASE_STRIP = NO;
				DEBUG_INFORMATION_FORMAT = "dwarf-with-dsym";
				ENABLE_NS_ASSERTIONS = NO;
				ENABLE_STRICT_OBJC_MSGSEND = YES;
				GCC_C_LANGUAGE_STANDARD = gnu99;
				GCC_NO_COMMON_BLOCKS = YES;
				GCC_WARN_64_TO_32_BIT_CONVERSION = YES;
				GCC_WARN_ABOUT_RETURN_TYPE = YES_ERROR;
				GCC_WARN_UNDECLARED_SELECTOR = YES;
				GCC_WARN_UNINITIALIZED_AUTOS = YES_AGGRESSIVE;
				GCC_WARN_UNUSED_FUNCTION = YES;
				GCC_WARN_UNUSED_VARIABLE = YES;
				IPHONEOS_DEPLOYMENT_TARGET = 8.3;
				MTL_ENABLE_DEBUG_INFO = NO;
				SDKROOT = iphoneos;
				VALIDATE_PRODUCT = YES;
			};
			name = Debug;
		};
		BDDCABAF1BE7326C003903ED /* Debug */ = {
			isa = XCBuildConfiguration;
			baseConfigurationReference = BDDCABAC1BE73252003903ED /* Pods.debug.xcconfig */;
			buildSettings = {
				ASSETCATALOG_COMPILER_APPICON_NAME = AppIcon;
				CODE_SIGN_IDENTITY = "iPhone Developer";
				"CODE_SIGN_IDENTITY[sdk=iphoneos*]" = "iPhone Developer";
				FRAMEWORK_SEARCH_PATHS = (
					"$(inherited)",
					"$(PROJECT_DIR)/build/Debug-iphoneos/Pods-TC",
				);
				INFOPLIST_FILE = TC/Info.plist;
				LD_RUNPATH_SEARCH_PATHS = "$(inherited) @executable_path/Frameworks";
				ONLY_ACTIVE_ARCH = YES;
				PRODUCT_BUNDLE_IDENTIFIER = "in.riverflows.$(PRODUCT_NAME:rfc1034identifier)";
				PRODUCT_NAME = "$(TARGET_NAME)";
				PROVISIONING_PROFILE = "";
				TARGETED_DEVICE_FAMILY = 1;
			};
			name = Debug;
		};
		BDDCABB01BE7326C003903ED /* Debug */ = {
			isa = XCBuildConfiguration;
			buildSettings = {
				BUNDLE_LOADER = "$(TEST_HOST)";
				FRAMEWORK_SEARCH_PATHS = (
					"$(SDKROOT)/Developer/Library/Frameworks",
					"$(inherited)",
				);
				INFOPLIST_FILE = TCTests/Info.plist;
				LD_RUNPATH_SEARCH_PATHS = "$(inherited) @executable_path/Frameworks @loader_path/Frameworks";
				PRODUCT_BUNDLE_IDENTIFIER = "in.riverflows.$(PRODUCT_NAME:rfc1034identifier)";
				PRODUCT_NAME = "$(TARGET_NAME)";
				TEST_HOST = "$(BUILT_PRODUCTS_DIR)/TC.app/TC";
			};
			name = Debug;
		};
/* End XCBuildConfiguration section */

/* Begin XCConfigurationList section */
		BD42836F1AE7B0C400953F61 /* Build configuration list for PBXProject "TC" */ = {
			isa = XCConfigurationList;
			buildConfigurations = (
				BD4283991AE7B0C400953F61 /* Release */,
				BDDCABAE1BE7326C003903ED /* Debug */,
			);
			defaultConfigurationIsVisible = 0;
			defaultConfigurationName = Release;
		};
		BD42839A1AE7B0C400953F61 /* Build configuration list for PBXNativeTarget "TC" */ = {
			isa = XCConfigurationList;
			buildConfigurations = (
				BD42839C1AE7B0C400953F61 /* Release */,
				BDDCABAF1BE7326C003903ED /* Debug */,
			);
			defaultConfigurationIsVisible = 0;
			defaultConfigurationName = Release;
		};
		BD42839D1AE7B0C400953F61 /* Build configuration list for PBXNativeTarget "TCTests" */ = {
			isa = XCConfigurationList;
			buildConfigurations = (
				BD42839F1AE7B0C400953F61 /* Release */,
				BDDCABB01BE7326C003903ED /* Debug */,
			);
			defaultConfigurationIsVisible = 0;
			defaultConfigurationName = Release;
		};
/* End XCConfigurationList section */

/* Begin XCVersionGroup section */
		BD42837E1AE7B0C400953F61 /* TC.xcdatamodeld */ = {
			isa = XCVersionGroup;
			children = (
				BD42837F1AE7B0C400953F61 /* TC.xcdatamodel */,
			);
			currentVersion = BD42837F1AE7B0C400953F61 /* TC.xcdatamodel */;
			path = TC.xcdatamodeld;
			sourceTree = "<group>";
			versionGroupType = wrapper.xcdatamodel;
		};
/* End XCVersionGroup section */
	};
	rootObject = BD42836C1AE7B0C400953F61 /* Project object */;
}
