// !$*UTF8*$!
{
	archiveVersion = 1;
	classes = {
	};
	objectVersion = 46;
	objects = {

/* Begin PBXBuildFile section */
		BD42837A1AE7B0C400953F61 /* main.m in Sources */ = {isa = PBXBuildFile; fileRef = BD4283791AE7B0C400953F61 /* main.m */; };
		BD42837D1AE7B0C400953F61 /* AppDelegate.m in Sources */ = {isa = PBXBuildFile; fileRef = BD42837C1AE7B0C400953F61 /* AppDelegate.m */; };
		BD4283801AE7B0C400953F61 /* TC.xcdatamodeld in Sources */ = {isa = PBXBuildFile; fileRef = BD42837E1AE7B0C400953F61 /* TC.xcdatamodeld */; };
		BD4283831AE7B0C400953F61 /* ViewController.m in Sources */ = {isa = PBXBuildFile; fileRef = BD4283821AE7B0C400953F61 /* ViewController.m */; };
		BD4283861AE7B0C400953F61 /* Main.storyboard in Resources */ = {isa = PBXBuildFile; fileRef = BD4283841AE7B0C400953F61 /* Main.storyboard */; };
		BD4283881AE7B0C400953F61 /* Images.xcassets in Resources */ = {isa = PBXBuildFile; fileRef = BD4283871AE7B0C400953F61 /* Images.xcassets */; };
		BD42838B1AE7B0C400953F61 /* LaunchScreen.xib in Resources */ = {isa = PBXBuildFile; fileRef = BD4283891AE7B0C400953F61 /* LaunchScreen.xib */; };
		BD4283971AE7B0C400953F61 /* TCTests.m in Sources */ = {isa = PBXBuildFile; fileRef = BD4283961AE7B0C400953F61 /* TCTests.m */; };
		BD582A531AFDCD6A00E21046 /* AsyncButton.swift in Sources */ = {isa = PBXBuildFile; fileRef = BD582A351AFDCD6A00E21046 /* AsyncButton.swift */; };
		BD582A541AFDCD6A00E21046 /* AsyncImageView.swift in Sources */ = {isa = PBXBuildFile; fileRef = BD582A361AFDCD6A00E21046 /* AsyncImageView.swift */; };
		BD582A551AFDCD6A00E21046 /* AutoTextView.swift in Sources */ = {isa = PBXBuildFile; fileRef = BD582A371AFDCD6A00E21046 /* AutoTextView.swift */; };
		BD582A561AFDCD6A00E21046 /* BlurView.swift in Sources */ = {isa = PBXBuildFile; fileRef = BD582A381AFDCD6A00E21046 /* BlurView.swift */; };
		BD582A571AFDCD6A00E21046 /* DesignableButton.swift in Sources */ = {isa = PBXBuildFile; fileRef = BD582A391AFDCD6A00E21046 /* DesignableButton.swift */; };
		BD582A581AFDCD6A00E21046 /* DesignableImageView.swift in Sources */ = {isa = PBXBuildFile; fileRef = BD582A3A1AFDCD6A00E21046 /* DesignableImageView.swift */; };
		BD582A591AFDCD6A00E21046 /* DesignableLabel.swift in Sources */ = {isa = PBXBuildFile; fileRef = BD582A3B1AFDCD6A00E21046 /* DesignableLabel.swift */; };
		BD582A5A1AFDCD6A00E21046 /* DesignableTabBarController.swift in Sources */ = {isa = PBXBuildFile; fileRef = BD582A3C1AFDCD6A00E21046 /* DesignableTabBarController.swift */; };
		BD582A5B1AFDCD6A00E21046 /* DesignableTextField.swift in Sources */ = {isa = PBXBuildFile; fileRef = BD582A3D1AFDCD6A00E21046 /* DesignableTextField.swift */; };
		BD582A5C1AFDCD6A00E21046 /* DesignableTextView.swift in Sources */ = {isa = PBXBuildFile; fileRef = BD582A3E1AFDCD6A00E21046 /* DesignableTextView.swift */; };
		BD582A5D1AFDCD6A00E21046 /* DesignableView.swift in Sources */ = {isa = PBXBuildFile; fileRef = BD582A3F1AFDCD6A00E21046 /* DesignableView.swift */; };
		BD582A5E1AFDCD6A00E21046 /* ImageLoader.swift in Sources */ = {isa = PBXBuildFile; fileRef = BD582A401AFDCD6A00E21046 /* ImageLoader.swift */; };
		BD582A5F1AFDCD6A00E21046 /* Info.plist in Resources */ = {isa = PBXBuildFile; fileRef = BD582A411AFDCD6A00E21046 /* Info.plist */; };
		BD582A601AFDCD6A00E21046 /* KeyboardLayoutConstraint.swift in Sources */ = {isa = PBXBuildFile; fileRef = BD582A421AFDCD6A00E21046 /* KeyboardLayoutConstraint.swift */; };
		BD582A611AFDCD6A00E21046 /* LoadingView.swift in Sources */ = {isa = PBXBuildFile; fileRef = BD582A431AFDCD6A00E21046 /* LoadingView.swift */; };
		BD582A621AFDCD6A00E21046 /* LoadingView.xib in Resources */ = {isa = PBXBuildFile; fileRef = BD582A441AFDCD6A00E21046 /* LoadingView.xib */; };
		BD582A631AFDCD6A00E21046 /* Misc.swift in Sources */ = {isa = PBXBuildFile; fileRef = BD582A451AFDCD6A00E21046 /* Misc.swift */; };
		BD582A641AFDCD6A00E21046 /* SoundPlayer.swift in Sources */ = {isa = PBXBuildFile; fileRef = BD582A461AFDCD6A00E21046 /* SoundPlayer.swift */; };
		BD582A651AFDCD6A00E21046 /* Spring.swift in Sources */ = {isa = PBXBuildFile; fileRef = BD582A481AFDCD6A00E21046 /* Spring.swift */; };
		BD582A661AFDCD6A00E21046 /* SpringAnimation.swift in Sources */ = {isa = PBXBuildFile; fileRef = BD582A491AFDCD6A00E21046 /* SpringAnimation.swift */; };
		BD582A671AFDCD6A00E21046 /* SpringButton.swift in Sources */ = {isa = PBXBuildFile; fileRef = BD582A4A1AFDCD6A00E21046 /* SpringButton.swift */; };
		BD582A681AFDCD6A00E21046 /* SpringImageView.swift in Sources */ = {isa = PBXBuildFile; fileRef = BD582A4B1AFDCD6A00E21046 /* SpringImageView.swift */; };
		BD582A691AFDCD6A00E21046 /* SpringLabel.swift in Sources */ = {isa = PBXBuildFile; fileRef = BD582A4C1AFDCD6A00E21046 /* SpringLabel.swift */; };
		BD582A6A1AFDCD6A00E21046 /* SpringTextField.swift in Sources */ = {isa = PBXBuildFile; fileRef = BD582A4D1AFDCD6A00E21046 /* SpringTextField.swift */; };
		BD582A6B1AFDCD6A00E21046 /* SpringTextView.swift in Sources */ = {isa = PBXBuildFile; fileRef = BD582A4E1AFDCD6A00E21046 /* SpringTextView.swift */; };
		BD582A6C1AFDCD6A00E21046 /* SpringView.swift in Sources */ = {isa = PBXBuildFile; fileRef = BD582A4F1AFDCD6A00E21046 /* SpringView.swift */; };
		BD582A6D1AFDCD6A00E21046 /* TransitionManager.swift in Sources */ = {isa = PBXBuildFile; fileRef = BD582A501AFDCD6A00E21046 /* TransitionManager.swift */; };
		BD582A6E1AFDCD6A00E21046 /* TransitionZoom.swift in Sources */ = {isa = PBXBuildFile; fileRef = BD582A511AFDCD6A00E21046 /* TransitionZoom.swift */; };
		BD582A6F1AFDCD6A00E21046 /* UnwindSegue.swift in Sources */ = {isa = PBXBuildFile; fileRef = BD582A521AFDCD6A00E21046 /* UnwindSegue.swift */; };
/* End PBXBuildFile section */

/* Begin PBXContainerItemProxy section */
		BD4283911AE7B0C400953F61 /* PBXContainerItemProxy */ = {
			isa = PBXContainerItemProxy;
			containerPortal = BD42836C1AE7B0C400953F61 /* Project object */;
			proxyType = 1;
			remoteGlobalIDString = BD4283731AE7B0C400953F61;
			remoteInfo = TC;
		};
/* End PBXContainerItemProxy section */

/* Begin PBXFileReference section */
		BD4283741AE7B0C400953F61 /* TC.app */ = {isa = PBXFileReference; explicitFileType = wrapper.application; includeInIndex = 0; path = TC.app; sourceTree = BUILT_PRODUCTS_DIR; };
		BD4283781AE7B0C400953F61 /* Info.plist */ = {isa = PBXFileReference; lastKnownFileType = text.plist.xml; path = Info.plist; sourceTree = "<group>"; };
		BD4283791AE7B0C400953F61 /* main.m */ = {isa = PBXFileReference; lastKnownFileType = sourcecode.c.objc; path = main.m; sourceTree = "<group>"; };
		BD42837B1AE7B0C400953F61 /* AppDelegate.h */ = {isa = PBXFileReference; lastKnownFileType = sourcecode.c.h; path = AppDelegate.h; sourceTree = "<group>"; };
		BD42837C1AE7B0C400953F61 /* AppDelegate.m */ = {isa = PBXFileReference; lastKnownFileType = sourcecode.c.objc; path = AppDelegate.m; sourceTree = "<group>"; };
		BD42837F1AE7B0C400953F61 /* TC.xcdatamodel */ = {isa = PBXFileReference; lastKnownFileType = wrapper.xcdatamodel; path = TC.xcdatamodel; sourceTree = "<group>"; };
		BD4283811AE7B0C400953F61 /* ViewController.h */ = {isa = PBXFileReference; lastKnownFileType = sourcecode.c.h; path = ViewController.h; sourceTree = "<group>"; };
		BD4283821AE7B0C400953F61 /* ViewController.m */ = {isa = PBXFileReference; lastKnownFileType = sourcecode.c.objc; path = ViewController.m; sourceTree = "<group>"; };
		BD4283851AE7B0C400953F61 /* Base */ = {isa = PBXFileReference; lastKnownFileType = file.storyboard; name = Base; path = Base.lproj/Main.storyboard; sourceTree = "<group>"; };
		BD4283871AE7B0C400953F61 /* Images.xcassets */ = {isa = PBXFileReference; lastKnownFileType = folder.assetcatalog; path = Images.xcassets; sourceTree = "<group>"; };
		BD42838A1AE7B0C400953F61 /* Base */ = {isa = PBXFileReference; lastKnownFileType = file.xib; name = Base; path = Base.lproj/LaunchScreen.xib; sourceTree = "<group>"; };
		BD4283901AE7B0C400953F61 /* TCTests.xctest */ = {isa = PBXFileReference; explicitFileType = wrapper.cfbundle; includeInIndex = 0; path = TCTests.xctest; sourceTree = BUILT_PRODUCTS_DIR; };
		BD4283951AE7B0C400953F61 /* Info.plist */ = {isa = PBXFileReference; lastKnownFileType = text.plist.xml; path = Info.plist; sourceTree = "<group>"; };
		BD4283961AE7B0C400953F61 /* TCTests.m */ = {isa = PBXFileReference; lastKnownFileType = sourcecode.c.objc; path = TCTests.m; sourceTree = "<group>"; };
		BD582A351AFDCD6A00E21046 /* AsyncButton.swift */ = {isa = PBXFileReference; fileEncoding = 4; lastKnownFileType = sourcecode.swift; path = AsyncButton.swift; sourceTree = "<group>"; };
		BD582A361AFDCD6A00E21046 /* AsyncImageView.swift */ = {isa = PBXFileReference; fileEncoding = 4; lastKnownFileType = sourcecode.swift; path = AsyncImageView.swift; sourceTree = "<group>"; };
		BD582A371AFDCD6A00E21046 /* AutoTextView.swift */ = {isa = PBXFileReference; fileEncoding = 4; lastKnownFileType = sourcecode.swift; path = AutoTextView.swift; sourceTree = "<group>"; };
		BD582A381AFDCD6A00E21046 /* BlurView.swift */ = {isa = PBXFileReference; fileEncoding = 4; lastKnownFileType = sourcecode.swift; path = BlurView.swift; sourceTree = "<group>"; };
		BD582A391AFDCD6A00E21046 /* DesignableButton.swift */ = {isa = PBXFileReference; fileEncoding = 4; lastKnownFileType = sourcecode.swift; path = DesignableButton.swift; sourceTree = "<group>"; };
		BD582A3A1AFDCD6A00E21046 /* DesignableImageView.swift */ = {isa = PBXFileReference; fileEncoding = 4; lastKnownFileType = sourcecode.swift; path = DesignableImageView.swift; sourceTree = "<group>"; };
		BD582A3B1AFDCD6A00E21046 /* DesignableLabel.swift */ = {isa = PBXFileReference; fileEncoding = 4; lastKnownFileType = sourcecode.swift; path = DesignableLabel.swift; sourceTree = "<group>"; };
		BD582A3C1AFDCD6A00E21046 /* DesignableTabBarController.swift */ = {isa = PBXFileReference; fileEncoding = 4; lastKnownFileType = sourcecode.swift; path = DesignableTabBarController.swift; sourceTree = "<group>"; };
		BD582A3D1AFDCD6A00E21046 /* DesignableTextField.swift */ = {isa = PBXFileReference; fileEncoding = 4; lastKnownFileType = sourcecode.swift; path = DesignableTextField.swift; sourceTree = "<group>"; };
		BD582A3E1AFDCD6A00E21046 /* DesignableTextView.swift */ = {isa = PBXFileReference; fileEncoding = 4; lastKnownFileType = sourcecode.swift; path = DesignableTextView.swift; sourceTree = "<group>"; };
		BD582A3F1AFDCD6A00E21046 /* DesignableView.swift */ = {isa = PBXFileReference; fileEncoding = 4; lastKnownFileType = sourcecode.swift; path = DesignableView.swift; sourceTree = "<group>"; };
		BD582A401AFDCD6A00E21046 /* ImageLoader.swift */ = {isa = PBXFileReference; fileEncoding = 4; lastKnownFileType = sourcecode.swift; path = ImageLoader.swift; sourceTree = "<group>"; };
		BD582A411AFDCD6A00E21046 /* Info.plist */ = {isa = PBXFileReference; fileEncoding = 4; lastKnownFileType = text.plist.xml; path = Info.plist; sourceTree = "<group>"; };
		BD582A421AFDCD6A00E21046 /* KeyboardLayoutConstraint.swift */ = {isa = PBXFileReference; fileEncoding = 4; lastKnownFileType = sourcecode.swift; path = KeyboardLayoutConstraint.swift; sourceTree = "<group>"; };
		BD582A431AFDCD6A00E21046 /* LoadingView.swift */ = {isa = PBXFileReference; fileEncoding = 4; lastKnownFileType = sourcecode.swift; path = LoadingView.swift; sourceTree = "<group>"; };
		BD582A441AFDCD6A00E21046 /* LoadingView.xib */ = {isa = PBXFileReference; fileEncoding = 4; lastKnownFileType = file.xib; path = LoadingView.xib; sourceTree = "<group>"; };
		BD582A451AFDCD6A00E21046 /* Misc.swift */ = {isa = PBXFileReference; fileEncoding = 4; lastKnownFileType = sourcecode.swift; path = Misc.swift; sourceTree = "<group>"; };
		BD582A461AFDCD6A00E21046 /* SoundPlayer.swift */ = {isa = PBXFileReference; fileEncoding = 4; lastKnownFileType = sourcecode.swift; path = SoundPlayer.swift; sourceTree = "<group>"; };
		BD582A471AFDCD6A00E21046 /* Spring.h */ = {isa = PBXFileReference; fileEncoding = 4; lastKnownFileType = sourcecode.c.h; path = Spring.h; sourceTree = "<group>"; };
		BD582A481AFDCD6A00E21046 /* Spring.swift */ = {isa = PBXFileReference; fileEncoding = 4; lastKnownFileType = sourcecode.swift; path = Spring.swift; sourceTree = "<group>"; };
		BD582A491AFDCD6A00E21046 /* SpringAnimation.swift */ = {isa = PBXFileReference; fileEncoding = 4; lastKnownFileType = sourcecode.swift; path = SpringAnimation.swift; sourceTree = "<group>"; };
		BD582A4A1AFDCD6A00E21046 /* SpringButton.swift */ = {isa = PBXFileReference; fileEncoding = 4; lastKnownFileType = sourcecode.swift; path = SpringButton.swift; sourceTree = "<group>"; };
		BD582A4B1AFDCD6A00E21046 /* SpringImageView.swift */ = {isa = PBXFileReference; fileEncoding = 4; lastKnownFileType = sourcecode.swift; path = SpringImageView.swift; sourceTree = "<group>"; };
		BD582A4C1AFDCD6A00E21046 /* SpringLabel.swift */ = {isa = PBXFileReference; fileEncoding = 4; lastKnownFileType = sourcecode.swift; path = SpringLabel.swift; sourceTree = "<group>"; };
		BD582A4D1AFDCD6A00E21046 /* SpringTextField.swift */ = {isa = PBXFileReference; fileEncoding = 4; lastKnownFileType = sourcecode.swift; path = SpringTextField.swift; sourceTree = "<group>"; };
		BD582A4E1AFDCD6A00E21046 /* SpringTextView.swift */ = {isa = PBXFileReference; fileEncoding = 4; lastKnownFileType = sourcecode.swift; path = SpringTextView.swift; sourceTree = "<group>"; };
		BD582A4F1AFDCD6A00E21046 /* SpringView.swift */ = {isa = PBXFileReference; fileEncoding = 4; lastKnownFileType = sourcecode.swift; path = SpringView.swift; sourceTree = "<group>"; };
		BD582A501AFDCD6A00E21046 /* TransitionManager.swift */ = {isa = PBXFileReference; fileEncoding = 4; lastKnownFileType = sourcecode.swift; path = TransitionManager.swift; sourceTree = "<group>"; };
		BD582A511AFDCD6A00E21046 /* TransitionZoom.swift */ = {isa = PBXFileReference; fileEncoding = 4; lastKnownFileType = sourcecode.swift; path = TransitionZoom.swift; sourceTree = "<group>"; };
		BD582A521AFDCD6A00E21046 /* UnwindSegue.swift */ = {isa = PBXFileReference; fileEncoding = 4; lastKnownFileType = sourcecode.swift; path = UnwindSegue.swift; sourceTree = "<group>"; };
/* End PBXFileReference section */

/* Begin PBXFrameworksBuildPhase section */
		BD4283711AE7B0C400953F61 /* Frameworks */ = {
			isa = PBXFrameworksBuildPhase;
			buildActionMask = 2147483647;
			files = (
			);
			runOnlyForDeploymentPostprocessing = 0;
		};
		BD42838D1AE7B0C400953F61 /* Frameworks */ = {
			isa = PBXFrameworksBuildPhase;
			buildActionMask = 2147483647;
			files = (
			);
			runOnlyForDeploymentPostprocessing = 0;
		};
/* End PBXFrameworksBuildPhase section */

/* Begin PBXGroup section */
		BD42836B1AE7B0C400953F61 = {
			isa = PBXGroup;
			children = (
				BD4283761AE7B0C400953F61 /* TC */,
				BD4283931AE7B0C400953F61 /* TCTests */,
				BD4283751AE7B0C400953F61 /* Products */,
			);
			sourceTree = "<group>";
		};
		BD4283751AE7B0C400953F61 /* Products */ = {
			isa = PBXGroup;
			children = (
				BD4283741AE7B0C400953F61 /* TC.app */,
				BD4283901AE7B0C400953F61 /* TCTests.xctest */,
			);
			name = Products;
			sourceTree = "<group>";
		};
		BD4283761AE7B0C400953F61 /* TC */ = {
			isa = PBXGroup;
			children = (
				BD582A341AFDCD6A00E21046 /* Spring */,
				BD42837B1AE7B0C400953F61 /* AppDelegate.h */,
				BD42837C1AE7B0C400953F61 /* AppDelegate.m */,
				BD4283811AE7B0C400953F61 /* ViewController.h */,
				BD4283821AE7B0C400953F61 /* ViewController.m */,
				BD4283841AE7B0C400953F61 /* Main.storyboard */,
				BD4283871AE7B0C400953F61 /* Images.xcassets */,
				BD4283891AE7B0C400953F61 /* LaunchScreen.xib */,
				BD42837E1AE7B0C400953F61 /* TC.xcdatamodeld */,
				BD4283771AE7B0C400953F61 /* Supporting Files */,
			);
			path = TC;
			sourceTree = "<group>";
		};
		BD4283771AE7B0C400953F61 /* Supporting Files */ = {
			isa = PBXGroup;
			children = (
				BD4283781AE7B0C400953F61 /* Info.plist */,
				BD4283791AE7B0C400953F61 /* main.m */,
			);
			name = "Supporting Files";
			sourceTree = "<group>";
		};
		BD4283931AE7B0C400953F61 /* TCTests */ = {
			isa = PBXGroup;
			children = (
				BD4283961AE7B0C400953F61 /* TCTests.m */,
				BD4283941AE7B0C400953F61 /* Supporting Files */,
			);
			path = TCTests;
			sourceTree = "<group>";
		};
		BD4283941AE7B0C400953F61 /* Supporting Files */ = {
			isa = PBXGroup;
			children = (
				BD4283951AE7B0C400953F61 /* Info.plist */,
			);
			name = "Supporting Files";
			sourceTree = "<group>";
		};
		BD582A341AFDCD6A00E21046 /* Spring */ = {
			isa = PBXGroup;
			children = (
				BD582A351AFDCD6A00E21046 /* AsyncButton.swift */,
				BD582A361AFDCD6A00E21046 /* AsyncImageView.swift */,
				BD582A371AFDCD6A00E21046 /* AutoTextView.swift */,
				BD582A381AFDCD6A00E21046 /* BlurView.swift */,
				BD582A391AFDCD6A00E21046 /* DesignableButton.swift */,
				BD582A3A1AFDCD6A00E21046 /* DesignableImageView.swift */,
				BD582A3B1AFDCD6A00E21046 /* DesignableLabel.swift */,
				BD582A3C1AFDCD6A00E21046 /* DesignableTabBarController.swift */,
				BD582A3D1AFDCD6A00E21046 /* DesignableTextField.swift */,
				BD582A3E1AFDCD6A00E21046 /* DesignableTextView.swift */,
				BD582A3F1AFDCD6A00E21046 /* DesignableView.swift */,
				BD582A401AFDCD6A00E21046 /* ImageLoader.swift */,
				BD582A411AFDCD6A00E21046 /* Info.plist */,
				BD582A421AFDCD6A00E21046 /* KeyboardLayoutConstraint.swift */,
				BD582A431AFDCD6A00E21046 /* LoadingView.swift */,
				BD582A441AFDCD6A00E21046 /* LoadingView.xib */,
				BD582A451AFDCD6A00E21046 /* Misc.swift */,
				BD582A461AFDCD6A00E21046 /* SoundPlayer.swift */,
				BD582A471AFDCD6A00E21046 /* Spring.h */,
				BD582A481AFDCD6A00E21046 /* Spring.swift */,
				BD582A491AFDCD6A00E21046 /* SpringAnimation.swift */,
				BD582A4A1AFDCD6A00E21046 /* SpringButton.swift */,
				BD582A4B1AFDCD6A00E21046 /* SpringImageView.swift */,
				BD582A4C1AFDCD6A00E21046 /* SpringLabel.swift */,
				BD582A4D1AFDCD6A00E21046 /* SpringTextField.swift */,
				BD582A4E1AFDCD6A00E21046 /* SpringTextView.swift */,
				BD582A4F1AFDCD6A00E21046 /* SpringView.swift */,
				BD582A501AFDCD6A00E21046 /* TransitionManager.swift */,
				BD582A511AFDCD6A00E21046 /* TransitionZoom.swift */,
				BD582A521AFDCD6A00E21046 /* UnwindSegue.swift */,
			);
			path = Spring;
			sourceTree = "<group>";
		};
/* End PBXGroup section */

/* Begin PBXNativeTarget section */
		BD4283731AE7B0C400953F61 /* TC */ = {
			isa = PBXNativeTarget;
			buildConfigurationList = BD42839A1AE7B0C400953F61 /* Build configuration list for PBXNativeTarget "TC" */;
			buildPhases = (
				BD4283701AE7B0C400953F61 /* Sources */,
				BD4283711AE7B0C400953F61 /* Frameworks */,
				BD4283721AE7B0C400953F61 /* Resources */,
			);
			buildRules = (
			);
			dependencies = (
			);
			name = TC;
			productName = TC;
			productReference = BD4283741AE7B0C400953F61 /* TC.app */;
			productType = "com.apple.product-type.application";
		};
		BD42838F1AE7B0C400953F61 /* TCTests */ = {
			isa = PBXNativeTarget;
			buildConfigurationList = BD42839D1AE7B0C400953F61 /* Build configuration list for PBXNativeTarget "TCTests" */;
			buildPhases = (
				BD42838C1AE7B0C400953F61 /* Sources */,
				BD42838D1AE7B0C400953F61 /* Frameworks */,
				BD42838E1AE7B0C400953F61 /* Resources */,
			);
			buildRules = (
			);
			dependencies = (
				BD4283921AE7B0C400953F61 /* PBXTargetDependency */,
			);
			name = TCTests;
			productName = TCTests;
			productReference = BD4283901AE7B0C400953F61 /* TCTests.xctest */;
			productType = "com.apple.product-type.bundle.unit-test";
		};
/* End PBXNativeTarget section */

/* Begin PBXProject section */
		BD42836C1AE7B0C400953F61 /* Project object */ = {
			isa = PBXProject;
			attributes = {
				LastUpgradeCheck = 0630;
				ORGANIZATIONNAME = 3lang;
				TargetAttributes = {
					BD4283731AE7B0C400953F61 = {
						CreatedOnToolsVersion = 6.3.1;
					};
					BD42838F1AE7B0C400953F61 = {
						CreatedOnToolsVersion = 6.3.1;
						TestTargetID = BD4283731AE7B0C400953F61;
					};
				};
			};
			buildConfigurationList = BD42836F1AE7B0C400953F61 /* Build configuration list for PBXProject "TC" */;
			compatibilityVersion = "Xcode 3.2";
			developmentRegion = English;
			hasScannedForEncodings = 0;
			knownRegions = (
				en,
				Base,
			);
			mainGroup = BD42836B1AE7B0C400953F61;
			productRefGroup = BD4283751AE7B0C400953F61 /* Products */;
			projectDirPath = "";
			projectRoot = "";
			targets = (
				BD4283731AE7B0C400953F61 /* TC */,
				BD42838F1AE7B0C400953F61 /* TCTests */,
			);
		};
/* End PBXProject section */

/* Begin PBXResourcesBuildPhase section */
		BD4283721AE7B0C400953F61 /* Resources */ = {
			isa = PBXResourcesBuildPhase;
			buildActionMask = 2147483647;
			files = (
				BD582A5F1AFDCD6A00E21046 /* Info.plist in Resources */,
				BD4283861AE7B0C400953F61 /* Main.storyboard in Resources */,
				BD42838B1AE7B0C400953F61 /* LaunchScreen.xib in Resources */,
				BD4283881AE7B0C400953F61 /* Images.xcassets in Resources */,
				BD582A621AFDCD6A00E21046 /* LoadingView.xib in Resources */,
			);
			runOnlyForDeploymentPostprocessing = 0;
		};
		BD42838E1AE7B0C400953F61 /* Resources */ = {
			isa = PBXResourcesBuildPhase;
			buildActionMask = 2147483647;
			files = (
			);
			runOnlyForDeploymentPostprocessing = 0;
		};
/* End PBXResourcesBuildPhase section */

/* Begin PBXSourcesBuildPhase section */
		BD4283701AE7B0C400953F61 /* Sources */ = {
			isa = PBXSourcesBuildPhase;
			buildActionMask = 2147483647;
			files = (
				BD42837D1AE7B0C400953F61 /* AppDelegate.m in Sources */,
				BD582A561AFDCD6A00E21046 /* BlurView.swift in Sources */,
				BD582A601AFDCD6A00E21046 /* KeyboardLayoutConstraint.swift in Sources */,
				BD582A6B1AFDCD6A00E21046 /* SpringTextView.swift in Sources */,
				BD582A531AFDCD6A00E21046 /* AsyncButton.swift in Sources */,
				BD582A5C1AFDCD6A00E21046 /* DesignableTextView.swift in Sources */,
				BD582A6F1AFDCD6A00E21046 /* UnwindSegue.swift in Sources */,
				BD582A691AFDCD6A00E21046 /* SpringLabel.swift in Sources */,
				BD42837A1AE7B0C400953F61 /* main.m in Sources */,
				BD582A551AFDCD6A00E21046 /* AutoTextView.swift in Sources */,
				BD582A661AFDCD6A00E21046 /* SpringAnimation.swift in Sources */,
				BD582A5E1AFDCD6A00E21046 /* ImageLoader.swift in Sources */,
				BD582A6A1AFDCD6A00E21046 /* SpringTextField.swift in Sources */,
				BD4283831AE7B0C400953F61 /* ViewController.m in Sources */,
				BD582A581AFDCD6A00E21046 /* DesignableImageView.swift in Sources */,
				BD582A641AFDCD6A00E21046 /* SoundPlayer.swift in Sources */,
				BD582A631AFDCD6A00E21046 /* Misc.swift in Sources */,
				BD582A5D1AFDCD6A00E21046 /* DesignableView.swift in Sources */,
				BD582A6C1AFDCD6A00E21046 /* SpringView.swift in Sources */,
				BD4283801AE7B0C400953F61 /* TC.xcdatamodeld in Sources */,
				BD582A541AFDCD6A00E21046 /* AsyncImageView.swift in Sources */,
				BD582A571AFDCD6A00E21046 /* DesignableButton.swift in Sources */,
				BD582A6E1AFDCD6A00E21046 /* TransitionZoom.swift in Sources */,
				BD582A681AFDCD6A00E21046 /* SpringImageView.swift in Sources */,
				BD582A671AFDCD6A00E21046 /* SpringButton.swift in Sources */,
				BD582A5A1AFDCD6A00E21046 /* DesignableTabBarController.swift in Sources */,
				BD582A591AFDCD6A00E21046 /* DesignableLabel.swift in Sources */,
				BD582A6D1AFDCD6A00E21046 /* TransitionManager.swift in Sources */,
				BD582A5B1AFDCD6A00E21046 /* DesignableTextField.swift in Sources */,
				BD582A611AFDCD6A00E21046 /* LoadingView.swift in Sources */,
				BD582A651AFDCD6A00E21046 /* Spring.swift in Sources */,
			);
			runOnlyForDeploymentPostprocessing = 0;
		};
		BD42838C1AE7B0C400953F61 /* Sources */ = {
			isa = PBXSourcesBuildPhase;
			buildActionMask = 2147483647;
			files = (
				BD4283971AE7B0C400953F61 /* TCTests.m in Sources */,
			);
			runOnlyForDeploymentPostprocessing = 0;
		};
/* End PBXSourcesBuildPhase section */

/* Begin PBXTargetDependency section */
		BD4283921AE7B0C400953F61 /* PBXTargetDependency */ = {
			isa = PBXTargetDependency;
			target = BD4283731AE7B0C400953F61 /* TC */;
			targetProxy = BD4283911AE7B0C400953F61 /* PBXContainerItemProxy */;
		};
/* End PBXTargetDependency section */

/* Begin PBXVariantGroup section */
		BD4283841AE7B0C400953F61 /* Main.storyboard */ = {
			isa = PBXVariantGroup;
			children = (
				BD4283851AE7B0C400953F61 /* Base */,
			);
			name = Main.storyboard;
			sourceTree = "<group>";
		};
		BD4283891AE7B0C400953F61 /* LaunchScreen.xib */ = {
			isa = PBXVariantGroup;
			children = (
				BD42838A1AE7B0C400953F61 /* Base */,
			);
			name = LaunchScreen.xib;
			sourceTree = "<group>";
		};
/* End PBXVariantGroup section */

/* Begin XCBuildConfiguration section */
		BD4283981AE7B0C400953F61 /* Debug */ = {
			isa = XCBuildConfiguration;
			buildSettings = {
				ALWAYS_SEARCH_USER_PATHS = NO;
				CLANG_CXX_LANGUAGE_STANDARD = "gnu++0x";
				CLANG_CXX_LIBRARY = "libc++";
				CLANG_ENABLE_MODULES = YES;
				CLANG_ENABLE_OBJC_ARC = YES;
				CLANG_WARN_BOOL_CONVERSION = YES;
				CLANG_WARN_CONSTANT_CONVERSION = YES;
				CLANG_WARN_DIRECT_OBJC_ISA_USAGE = YES_ERROR;
				CLANG_WARN_EMPTY_BODY = YES;
				CLANG_WARN_ENUM_CONVERSION = YES;
				CLANG_WARN_INT_CONVERSION = YES;
				CLANG_WARN_OBJC_ROOT_CLASS = YES_ERROR;
				CLANG_WARN_UNREACHABLE_CODE = YES;
				CLANG_WARN__DUPLICATE_METHOD_MATCH = YES;
				"CODE_SIGN_IDENTITY[sdk=iphoneos*]" = "iPhone Developer";
				COPY_PHASE_STRIP = NO;
				DEBUG_INFORMATION_FORMAT = "dwarf-with-dsym";
				ENABLE_STRICT_OBJC_MSGSEND = YES;
				GCC_C_LANGUAGE_STANDARD = gnu99;
				GCC_DYNAMIC_NO_PIC = NO;
				GCC_NO_COMMON_BLOCKS = YES;
				GCC_OPTIMIZATION_LEVEL = 0;
				GCC_PREPROCESSOR_DEFINITIONS = (
					"DEBUG=1",
					"$(inherited)",
				);
				GCC_SYMBOLS_PRIVATE_EXTERN = NO;
				GCC_WARN_64_TO_32_BIT_CONVERSION = YES;
				GCC_WARN_ABOUT_RETURN_TYPE = YES_ERROR;
				GCC_WARN_UNDECLARED_SELECTOR = YES;
				GCC_WARN_UNINITIALIZED_AUTOS = YES_AGGRESSIVE;
				GCC_WARN_UNUSED_FUNCTION = YES;
				GCC_WARN_UNUSED_VARIABLE = YES;
				IPHONEOS_DEPLOYMENT_TARGET = 8.3;
				MTL_ENABLE_DEBUG_INFO = YES;
				ONLY_ACTIVE_ARCH = YES;
				SDKROOT = iphoneos;
			};
			name = Debug;
		};
		BD4283991AE7B0C400953F61 /* Release */ = {
			isa = XCBuildConfiguration;
			buildSettings = {
				ALWAYS_SEARCH_USER_PATHS = NO;
				CLANG_CXX_LANGUAGE_STANDARD = "gnu++0x";
				CLANG_CXX_LIBRARY = "libc++";
				CLANG_ENABLE_MODULES = YES;
				CLANG_ENABLE_OBJC_ARC = YES;
				CLANG_WARN_BOOL_CONVERSION = YES;
				CLANG_WARN_CONSTANT_CONVERSION = YES;
				CLANG_WARN_DIRECT_OBJC_ISA_USAGE = YES_ERROR;
				CLANG_WARN_EMPTY_BODY = YES;
				CLANG_WARN_ENUM_CONVERSION = YES;
				CLANG_WARN_INT_CONVERSION = YES;
				CLANG_WARN_OBJC_ROOT_CLASS = YES_ERROR;
				CLANG_WARN_UNREACHABLE_CODE = YES;
				CLANG_WARN__DUPLICATE_METHOD_MATCH = YES;
				"CODE_SIGN_IDENTITY[sdk=iphoneos*]" = "iPhone Developer";
				COPY_PHASE_STRIP = NO;
				DEBUG_INFORMATION_FORMAT = "dwarf-with-dsym";
				ENABLE_NS_ASSERTIONS = NO;
				ENABLE_STRICT_OBJC_MSGSEND = YES;
				GCC_C_LANGUAGE_STANDARD = gnu99;
				GCC_NO_COMMON_BLOCKS = YES;
				GCC_WARN_64_TO_32_BIT_CONVERSION = YES;
				GCC_WARN_ABOUT_RETURN_TYPE = YES_ERROR;
				GCC_WARN_UNDECLARED_SELECTOR = YES;
				GCC_WARN_UNINITIALIZED_AUTOS = YES_AGGRESSIVE;
				GCC_WARN_UNUSED_FUNCTION = YES;
				GCC_WARN_UNUSED_VARIABLE = YES;
				IPHONEOS_DEPLOYMENT_TARGET = 8.3;
				MTL_ENABLE_DEBUG_INFO = NO;
				SDKROOT = iphoneos;
				VALIDATE_PRODUCT = YES;
			};
			name = Release;
		};
		BD42839B1AE7B0C400953F61 /* Debug */ = {
			isa = XCBuildConfiguration;
			buildSettings = {
				ASSETCATALOG_COMPILER_APPICON_NAME = AppIcon;
				CODE_SIGN_IDENTITY = "iPhone Developer";
				INFOPLIST_FILE = TC/Info.plist;
				IPHONEOS_DEPLOYMENT_TARGET = 8.0;
				LD_RUNPATH_SEARCH_PATHS = "$(inherited) @executable_path/Frameworks";
				PRODUCT_NAME = "$(TARGET_NAME)";
			};
			name = Debug;
		};
		BD42839C1AE7B0C400953F61 /* Release */ = {
			isa = XCBuildConfiguration;
			buildSettings = {
				ASSETCATALOG_COMPILER_APPICON_NAME = AppIcon;
				CODE_SIGN_IDENTITY = "iPhone Developer";
				INFOPLIST_FILE = TC/Info.plist;
				IPHONEOS_DEPLOYMENT_TARGET = 8.0;
				LD_RUNPATH_SEARCH_PATHS = "$(inherited) @executable_path/Frameworks";
				PRODUCT_NAME = "$(TARGET_NAME)";
			};
			name = Release;
		};
		BD42839E1AE7B0C400953F61 /* Debug */ = {
			isa = XCBuildConfiguration;
			buildSettings = {
				BUNDLE_LOADER = "$(TEST_HOST)";
				FRAMEWORK_SEARCH_PATHS = (
					"$(SDKROOT)/Developer/Library/Frameworks",
					"$(inherited)",
				);
				GCC_PREPROCESSOR_DEFINITIONS = (
					"DEBUG=1",
					"$(inherited)",
				);
				INFOPLIST_FILE = TCTests/Info.plist;
				LD_RUNPATH_SEARCH_PATHS = "$(inherited) @executable_path/Frameworks @loader_path/Frameworks";
				PRODUCT_NAME = "$(TARGET_NAME)";
				TEST_HOST = "$(BUILT_PRODUCTS_DIR)/TC.app/TC";
			};
			name = Debug;
		};
		BD42839F1AE7B0C400953F61 /* Release */ = {
			isa = XCBuildConfiguration;
			buildSettings = {
				BUNDLE_LOADER = "$(TEST_HOST)";
				FRAMEWORK_SEARCH_PATHS = (
					"$(SDKROOT)/Developer/Library/Frameworks",
					"$(inherited)",
				);
				INFOPLIST_FILE = TCTests/Info.plist;
				LD_RUNPATH_SEARCH_PATHS = "$(inherited) @executable_path/Frameworks @loader_path/Frameworks";
				PRODUCT_NAME = "$(TARGET_NAME)";
				TEST_HOST = "$(BUILT_PRODUCTS_DIR)/TC.app/TC";
			};
			name = Release;
		};
/* End XCBuildConfiguration section */

/* Begin XCConfigurationList section */
		BD42836F1AE7B0C400953F61 /* Build configuration list for PBXProject "TC" */ = {
			isa = XCConfigurationList;
			buildConfigurations = (
				BD4283981AE7B0C400953F61 /* Debug */,
				BD4283991AE7B0C400953F61 /* Release */,
			);
			defaultConfigurationIsVisible = 0;
			defaultConfigurationName = Release;
		};
		BD42839A1AE7B0C400953F61 /* Build configuration list for PBXNativeTarget "TC" */ = {
			isa = XCConfigurationList;
			buildConfigurations = (
				BD42839B1AE7B0C400953F61 /* Debug */,
				BD42839C1AE7B0C400953F61 /* Release */,
			);
			defaultConfigurationIsVisible = 0;
			defaultConfigurationName = Release;
		};
		BD42839D1AE7B0C400953F61 /* Build configuration list for PBXNativeTarget "TCTests" */ = {
			isa = XCConfigurationList;
			buildConfigurations = (
				BD42839E1AE7B0C400953F61 /* Debug */,
				BD42839F1AE7B0C400953F61 /* Release */,
			);
			defaultConfigurationIsVisible = 0;
			defaultConfigurationName = Release;
		};
/* End XCConfigurationList section */

/* Begin XCVersionGroup section */
		BD42837E1AE7B0C400953F61 /* TC.xcdatamodeld */ = {
			isa = XCVersionGroup;
			children = (
				BD42837F1AE7B0C400953F61 /* TC.xcdatamodel */,
			);
			currentVersion = BD42837F1AE7B0C400953F61 /* TC.xcdatamodel */;
			path = TC.xcdatamodeld;
			sourceTree = "<group>";
			versionGroupType = wrapper.xcdatamodel;
		};
/* End XCVersionGroup section */
	};
	rootObject = BD42836C1AE7B0C400953F61 /* Project object */;
}
